
Microsoft Visual Studio Solution File, Format Version 12.00
# Visual Studio Version 17
VisualStudioVersion = 17.5.33516.290
MinimumVisualStudioVersion = 10.0.40219.1
Project("{FAE04EC0-301F-11D3-BF4B-00C04F79EFBC}") = "TaskTwo", "TaskTwo\TaskTwo.csproj", "{681FE20F-D5C6-4D43-A041-D36E9E574269}"
EndProject
Project("{FAE04EC0-301F-11D3-BF4B-00C04F79EFBC}") = "TaskFour", "TaskFour\TaskFour.csproj", "{060522C7-AF79-49F9-9EBD-47C099F0DD0D}"
EndProject
Project("{FAE04EC0-301F-11D3-BF4B-00C04F79EFBC}") = "TaskFive", "TaskFive\TaskFive.csproj", "{1D4A4565-8C71-4AAA-B055-C8B7743EC64B}"
EndProject
Project("{FAE04EC0-301F-11D3-BF4B-00C04F79EFBC}") = "TaskSix", "TaskSix\TaskSix.csproj", "{6462D08A-C24F-4B8F-B5EA-21BDABC0A12D}"
EndProject
Project("{FAE04EC0-301F-11D3-BF4B-00C04F79EFBC}") = "TaskSeven", "TaskSeven\TaskSeven.csproj", "{01FA0C93-99C8-431C-A04C-F9F147C0B845}"
EndProject
Project("{9A19103F-16F7-4668-BE54-9A1E7A4F7556}") = "TaskEight", "EditorXML\TaskEight.csproj", "{94ECEAD6-C728-4F6E-8C31-0D877ACCA225}"
EndProject
Project("{2150E333-8FDC-42A3-9474-1A3956D46DE8}") = "TaskNine", "TaskNine", "{F1F87C31-6BF7-4191-9F8B-59DC36D7D325}"
EndProject
Project("{FAE04EC0-301F-11D3-BF4B-00C04F79EFBC}") = "TaskNine", "Task\TaskNine.csproj", "{48BE1579-111A-4D78-96E8-4E834DBCCA0A}"
	ProjectSection(ProjectDependencies) = postProject
		{1734AC05-B7B5-4BD3-8569-05CE23255C7A} = {1734AC05-B7B5-4BD3-8569-05CE23255C7A}
		{E98B2F2D-698A-4C63-A044-AD43B5187E66} = {E98B2F2D-698A-4C63-A044-AD43B5187E66}
		{EEE89116-84F6-49AC-860C-001AAD5F18B8} = {EEE89116-84F6-49AC-860C-001AAD5F18B8}
	EndProjectSection
EndProject
Project("{FAE04EC0-301F-11D3-BF4B-00C04F79EFBC}") = "Country", "City\Country.csproj", "{EEE89116-84F6-49AC-860C-001AAD5F18B8}"
EndProject
Project("{FAE04EC0-301F-11D3-BF4B-00C04F79EFBC}") = "Person", "Person\Person.csproj", "{1734AC05-B7B5-4BD3-8569-05CE23255C7A}"
EndProject
Project("{FAE04EC0-301F-11D3-BF4B-00C04F79EFBC}") = "XmlEditor", "XmlEditor\XmlEditor.csproj", "{E98B2F2D-698A-4C63-A044-AD43B5187E66}"
EndProject
Global
	GlobalSection(SolutionConfigurationPlatforms) = preSolution
		Debug|Any CPU = Debug|Any CPU
		Release|Any CPU = Release|Any CPU
	EndGlobalSection
	GlobalSection(ProjectConfigurationPlatforms) = postSolution
		{681FE20F-D5C6-4D43-A041-D36E9E574269}.Debug|Any CPU.ActiveCfg = Debug|Any CPU
		{681FE20F-D5C6-4D43-A041-D36E9E574269}.Debug|Any CPU.Build.0 = Debug|Any CPU
		{681FE20F-D5C6-4D43-A041-D36E9E574269}.Release|Any CPU.ActiveCfg = Release|Any CPU
		{681FE20F-D5C6-4D43-A041-D36E9E574269}.Release|Any CPU.Build.0 = Release|Any CPU
		{060522C7-AF79-49F9-9EBD-47C099F0DD0D}.Debug|Any CPU.ActiveCfg = Debug|Any CPU
		{060522C7-AF79-49F9-9EBD-47C099F0DD0D}.Debug|Any CPU.Build.0 = Debug|Any CPU
		{060522C7-AF79-49F9-9EBD-47C099F0DD0D}.Release|Any CPU.ActiveCfg = Release|Any CPU
		{060522C7-AF79-49F9-9EBD-47C099F0DD0D}.Release|Any CPU.Build.0 = Release|Any CPU
		{1D4A4565-8C71-4AAA-B055-C8B7743EC64B}.Debug|Any CPU.ActiveCfg = Debug|Any CPU
		{1D4A4565-8C71-4AAA-B055-C8B7743EC64B}.Debug|Any CPU.Build.0 = Debug|Any CPU
		{1D4A4565-8C71-4AAA-B055-C8B7743EC64B}.Release|Any CPU.ActiveCfg = Release|Any CPU
		{1D4A4565-8C71-4AAA-B055-C8B7743EC64B}.Release|Any CPU.Build.0 = Release|Any CPU
		{6462D08A-C24F-4B8F-B5EA-21BDABC0A12D}.Debug|Any CPU.ActiveCfg = Debug|Any CPU
		{6462D08A-C24F-4B8F-B5EA-21BDABC0A12D}.Debug|Any CPU.Build.0 = Debug|Any CPU
		{6462D08A-C24F-4B8F-B5EA-21BDABC0A12D}.Release|Any CPU.ActiveCfg = Release|Any CPU
		{6462D08A-C24F-4B8F-B5EA-21BDABC0A12D}.Release|Any CPU.Build.0 = Release|Any CPU
		{01FA0C93-99C8-431C-A04C-F9F147C0B845}.Debug|Any CPU.ActiveCfg = Debug|Any CPU
		{01FA0C93-99C8-431C-A04C-F9F147C0B845}.Debug|Any CPU.Build.0 = Debug|Any CPU
		{01FA0C93-99C8-431C-A04C-F9F147C0B845}.Release|Any CPU.ActiveCfg = Release|Any CPU
		{01FA0C93-99C8-431C-A04C-F9F147C0B845}.Release|Any CPU.Build.0 = Release|Any CPU
		{94ECEAD6-C728-4F6E-8C31-0D877ACCA225}.Debug|Any CPU.ActiveCfg = Debug|Any CPU
		{94ECEAD6-C728-4F6E-8C31-0D877ACCA225}.Debug|Any CPU.Build.0 = Debug|Any CPU
		{94ECEAD6-C728-4F6E-8C31-0D877ACCA225}.Release|Any CPU.ActiveCfg = Release|Any CPU
		{94ECEAD6-C728-4F6E-8C31-0D877ACCA225}.Release|Any CPU.Build.0 = Release|Any CPU
		{48BE1579-111A-4D78-96E8-4E834DBCCA0A}.Debug|Any CPU.ActiveCfg = Debug|Any CPU
		{48BE1579-111A-4D78-96E8-4E834DBCCA0A}.Debug|Any CPU.Build.0 = Debug|Any CPU
		{48BE1579-111A-4D78-96E8-4E834DBCCA0A}.Release|Any CPU.ActiveCfg = Release|Any CPU
		{48BE1579-111A-4D78-96E8-4E834DBCCA0A}.Release|Any CPU.Build.0 = Release|Any CPU
		{EEE89116-84F6-49AC-860C-001AAD5F18B8}.Debug|Any CPU.ActiveCfg = Debug|Any CPU
		{EEE89116-84F6-49AC-860C-001AAD5F18B8}.Debug|Any CPU.Build.0 = Debug|Any CPU
		{EEE89116-84F6-49AC-860C-001AAD5F18B8}.Release|Any CPU.ActiveCfg = Release|Any CPU
		{EEE89116-84F6-49AC-860C-001AAD5F18B8}.Release|Any CPU.Build.0 = Release|Any CPU
		{1734AC05-B7B5-4BD3-8569-05CE23255C7A}.Debug|Any CPU.ActiveCfg = Debug|Any CPU
		{1734AC05-B7B5-4BD3-8569-05CE23255C7A}.Debug|Any CPU.Build.0 = Debug|Any CPU
		{1734AC05-B7B5-4BD3-8569-05CE23255C7A}.Release|Any CPU.ActiveCfg = Release|Any CPU
		{1734AC05-B7B5-4BD3-8569-05CE23255C7A}.Release|Any CPU.Build.0 = Release|Any CPU
		{E98B2F2D-698A-4C63-A044-AD43B5187E66}.Debug|Any CPU.ActiveCfg = Debug|Any CPU
		{E98B2F2D-698A-4C63-A044-AD43B5187E66}.Debug|Any CPU.Build.0 = Debug|Any CPU
		{E98B2F2D-698A-4C63-A044-AD43B5187E66}.Release|Any CPU.ActiveCfg = Release|Any CPU
		{E98B2F2D-698A-4C63-A044-AD43B5187E66}.Release|Any CPU.Build.0 = Release|Any CPU
	EndGlobalSection
	GlobalSection(SolutionProperties) = preSolution
		HideSolutionNode = FALSE
	EndGlobalSection
	GlobalSection(NestedProjects) = preSolution
		{48BE1579-111A-4D78-96E8-4E834DBCCA0A} = {F1F87C31-6BF7-4191-9F8B-59DC36D7D325}
		{EEE89116-84F6-49AC-860C-001AAD5F18B8} = {F1F87C31-6BF7-4191-9F8B-59DC36D7D325}
		{1734AC05-B7B5-4BD3-8569-05CE23255C7A} = {F1F87C31-6BF7-4191-9F8B-59DC36D7D325}
		{E98B2F2D-698A-4C63-A044-AD43B5187E66} = {F1F87C31-6BF7-4191-9F8B-59DC36D7D325}
	EndGlobalSection
	GlobalSection(ExtensibilityGlobals) = postSolution
		SolutionGuid = {B87D292F-83BD-4ECC-8A12-05DB18298D67}
	EndGlobalSection
EndGlobal
